
Microsoft Visual Studio Solution File, Format Version 12.00
# Visual Studio 14
VisualStudioVersion = 14.0.25420.1
MinimumVisualStudioVersion = 10.0.40219.1
Project("{FAE04EC0-301F-11D3-BF4B-00C04F79EFBC}") = "Crm", "Crm\Crm.csproj", "{AA6B215A-DBF7-47C6-984B-EFDC8268BECC}"
EndProject
Project("{FAE04EC0-301F-11D3-BF4B-00C04F79EFBC}") = "CrmDb", "CrmDb\CrmDb.csproj", "{171637CC-F460-4538-BE1E-FAC8921B1766}"
EndProject
Global
	GlobalSection(SolutionConfigurationPlatforms) = preSolution
		Debug|Any CPU = Debug|Any CPU
		Release|Any CPU = Release|Any CPU
	EndGlobalSection
	GlobalSection(ProjectConfigurationPlatforms) = postSolution
		{AA6B215A-DBF7-47C6-984B-EFDC8268BECC}.Debug|Any CPU.ActiveCfg = Debug|Any CPU
		{AA6B215A-DBF7-47C6-984B-EFDC8268BECC}.Debug|Any CPU.Build.0 = Debug|Any CPU
		{AA6B215A-DBF7-47C6-984B-EFDC8268BECC}.Release|Any CPU.ActiveCfg = Release|Any CPU
		{AA6B215A-DBF7-47C6-984B-EFDC8268BECC}.Release|Any CPU.Build.0 = Release|Any CPU
		{171637CC-F460-4538-BE1E-FAC8921B1766}.Debug|Any CPU.ActiveCfg = Debug|Any CPU
		{171637CC-F460-4538-BE1E-FAC8921B1766}.Debug|Any CPU.Build.0 = Debug|Any CPU
		{171637CC-F460-4538-BE1E-FAC8921B1766}.Release|Any CPU.ActiveCfg = Release|Any CPU
		{171637CC-F460-4538-BE1E-FAC8921B1766}.Release|Any CPU.Build.0 = Release|Any CPU
	EndGlobalSection
	GlobalSection(SolutionProperties) = preSolution
		HideSolutionNode = FALSE
	EndGlobalSection
EndGlobal
